PODS:
  - Alamofire (4.2.0)
  - ChameleonFramework (2.1.0):
    - ChameleonFramework/Default (= 2.1.0)
  - ChameleonFramework/Default (2.1.0)
  - SwiftyJSON (3.1.3)

DEPENDENCIES:
  - Alamofire
  - ChameleonFramework
  - SwiftyJSON

SPEC CHECKSUMS:
  Alamofire: aa2e09d871c9160ac53c90e83c68064a94e3dfbe
  ChameleonFramework: d21a3cc247abfe5e37609a283a8238b03575cf64
  SwiftyJSON: 38a8ea2006779c0fc4c310cb2ee8195327740faf

PODFILE CHECKSUM: 44d4fbd4b7d42c906cda8ccaf82a31c9aac49584

COCOAPODS: 1.1.1
